
Microsoft Visual Studio Solution File, Format Version 12.00
Project("{FAE04EC0-301F-11D3-BF4B-00C04F79EFBC}") = "WindowsPostSetupAssistant.UI", "WindowsPostSetupAssistant.UI\WindowsPostSetupAssistant.UI.csproj", "{D5896FC5-E351-46DF-B56F-B8DE43CB833B}"
EndProject
Project("{FAE04EC0-301F-11D3-BF4B-00C04F79EFBC}") = "WindowsPostSetupAssistant.Main", "WindowsPostSetupAssistant.Main\WindowsPostSetupAssistant.Main.csproj", "{315750F3-9D08-4F2A-B8E8-7C445C25A320}"
EndProject
Project("{FAE04EC0-301F-11D3-BF4B-00C04F79EFBC}") = "WindowsPostSetupAssistant.Core", "WindowsPostSetupAssistant.Core\WindowsPostSetupAssistant.Core.csproj", "{C3AE0662-2263-4EC5-B31E-9AAE9CA119DF}"
EndProject
Project("{2150E333-8FDC-42A3-9474-1A3956D46DE8}") = "Tests", "Tests", "{E8736F1E-DBB1-435A-8978-EA3BA0825ADB}"
EndProject
Project("{FAE04EC0-301F-11D3-BF4B-00C04F79EFBC}") = "WindowsPostSetupAssistant.UnitTests", "WindowsPostSetupAssistant.UnitTests\WindowsPostSetupAssistant.UnitTests.csproj", "{3AAD1FC4-4D95-40BC-93E9-8155D39F3154}"
EndProject
Project("{FAE04EC0-301F-11D3-BF4B-00C04F79EFBC}") = "WindowsPostSetupAssistant.IntegrationTests", "WindowsPostSetupAssistant.IntegrationTests\WindowsPostSetupAssistant.IntegrationTests.csproj", "{D52E1F4C-4A47-4270-AAFC-245F6792DE9B}"
EndProject
Project("{2150E333-8FDC-42A3-9474-1A3956D46DE8}") = "PostSetupAssistant", "PostSetupAssistant", "{A1E8CBF4-BE26-4A91-803D-2BC4F95E5D22}"
EndProject
Global
	GlobalSection(SolutionConfigurationPlatforms) = preSolution
		Release|x64 = Release|x64
		Debug|x64 = Debug|x64
	EndGlobalSection
	GlobalSection(ProjectConfigurationPlatforms) = postSolution
		{C3AE0662-2263-4EC5-B31E-9AAE9CA119DF}.Release|x64.ActiveCfg = Release|x64
		{C3AE0662-2263-4EC5-B31E-9AAE9CA119DF}.Release|x64.Build.0 = Release|x64
		{C3AE0662-2263-4EC5-B31E-9AAE9CA119DF}.Debug|x64.ActiveCfg = Debug|x64
		{C3AE0662-2263-4EC5-B31E-9AAE9CA119DF}.Debug|x64.Build.0 = Debug|x64
		{D52E1F4C-4A47-4270-AAFC-245F6792DE9B}.Release|x64.ActiveCfg = Release|x64
		{D52E1F4C-4A47-4270-AAFC-245F6792DE9B}.Release|x64.Build.0 = Release|x64
		{D52E1F4C-4A47-4270-AAFC-245F6792DE9B}.Debug|x64.ActiveCfg = Debug|x64
		{D52E1F4C-4A47-4270-AAFC-245F6792DE9B}.Debug|x64.Build.0 = Debug|x64
		{315750F3-9D08-4F2A-B8E8-7C445C25A320}.Release|x64.ActiveCfg = Release|x64
		{315750F3-9D08-4F2A-B8E8-7C445C25A320}.Release|x64.Build.0 = Release|x64
		{315750F3-9D08-4F2A-B8E8-7C445C25A320}.Debug|x64.ActiveCfg = Debug|x64
		{315750F3-9D08-4F2A-B8E8-7C445C25A320}.Debug|x64.Build.0 = Debug|x64
		{D5896FC5-E351-46DF-B56F-B8DE43CB833B}.Release|x64.ActiveCfg = Release|x64
		{D5896FC5-E351-46DF-B56F-B8DE43CB833B}.Release|x64.Build.0 = Release|x64
		{D5896FC5-E351-46DF-B56F-B8DE43CB833B}.Debug|x64.ActiveCfg = Debug|x64
		{D5896FC5-E351-46DF-B56F-B8DE43CB833B}.Debug|x64.Build.0 = Debug|x64
		{3AAD1FC4-4D95-40BC-93E9-8155D39F3154}.Release|x64.ActiveCfg = Release|x64
		{3AAD1FC4-4D95-40BC-93E9-8155D39F3154}.Release|x64.Build.0 = Release|x64
		{3AAD1FC4-4D95-40BC-93E9-8155D39F3154}.Debug|x64.ActiveCfg = Debug|x64
		{3AAD1FC4-4D95-40BC-93E9-8155D39F3154}.Debug|x64.Build.0 = Debug|x64
	EndGlobalSection
	GlobalSection(NestedProjects) = preSolution
		{3AAD1FC4-4D95-40BC-93E9-8155D39F3154} = {E8736F1E-DBB1-435A-8978-EA3BA0825ADB}
		{D52E1F4C-4A47-4270-AAFC-245F6792DE9B} = {E8736F1E-DBB1-435A-8978-EA3BA0825ADB}
		{C3AE0662-2263-4EC5-B31E-9AAE9CA119DF} = {A1E8CBF4-BE26-4A91-803D-2BC4F95E5D22}
		{315750F3-9D08-4F2A-B8E8-7C445C25A320} = {A1E8CBF4-BE26-4A91-803D-2BC4F95E5D22}
		{D5896FC5-E351-46DF-B56F-B8DE43CB833B} = {A1E8CBF4-BE26-4A91-803D-2BC4F95E5D22}
	EndGlobalSection
EndGlobal
